<?xml version="1.0" encoding="utf-8"?>
<Project ToolsVersion="4.0" xmlns="http://schemas.microsoft.com/developer/msbuild/2003">
  <ItemGroup>
    <Filter Include="Source Files">
      <UniqueIdentifier>{4FC737F1-C7A5-4376-A066-2A32D752A2FF}</UniqueIdentifier>
      <Extensions>cpp;c;cc;cxx;def;odl;idl;hpj;bat;asm;asmx</Extensions>
    </Filter>
    <Filter Include="Header Files">
      <UniqueIdentifier>{93995380-89BD-4b04-88EB-625FBE52EBFB}</UniqueIdentifier>
      <Extensions>h;hh;hpp;hxx;hm;inl;inc;xsd</Extensions>
    </Filter>
    <Filter Include="Resource Files">
      <UniqueIdentifier>{67DA6AB6-F800-4c08-8B7A-83BB121AAD01}</UniqueIdentifier>
      <Extensions>rc;ico;cur;bmp;dlg;rc2;rct;bin;rgs;gif;jpg;jpeg;jpe;resx;tiff;tif;png;wav;mfcribbon-ms</Extensions>
    </Filter>
    <Filter Include="Notes">
      <UniqueIdentifier>{20c04b4e-d200-4eb2-be4d-53c00b0dc31b}</UniqueIdentifier>
    </Filter>
    <Filter Include="OpenGL">
      <UniqueIdentifier>{901d5015-e4a6-48e5-864f-c0d03a17c027}</UniqueIdentifier>
    </Filter>
    <Filter Include="Shader">
      <UniqueIdentifier>{d265b1a5-8912-4538-9b41-b1ce283ba235}</UniqueIdentifier>
    </Filter>
  </ItemGroup>
  <ItemGroup>
    <ClCompile Include="main.cpp">
      <Filter>Source Files</Filter>
    </ClCompile>
    <ClCompile Include="helper.cpp">
      <Filter>Source Files</Filter>
    </ClCompile>
    <ClCompile Include="loadPNG.cpp">
      <Filter>Source Files</Filter>
    </ClCompile>
    <ClCompile Include="times.cpp">
      <Filter>Source Files</Filter>
    </ClCompile>
  </ItemGroup>
  <ItemGroup>
    <Text Include="LearnOpenGL_Notes.txt">
      <Filter>Notes</Filter>
    </Text>
  </ItemGroup>
  <ItemGroup>
    <ClInclude Include="helper.h">
      <Filter>Source Files</Filter>
    </ClInclude>
    <ClInclude Include="loadPNG.h">
      <Filter>Source Files</Filter>
    </ClInclude>
    <ClInclude Include="times.h">
      <Filter>Source Files</Filter>
    </ClInclude>
    <ClInclude Include="mathConstants.h">
      <Filter>Source Files</Filter>
    </ClInclude>
    <ClInclude Include="Mesh.h">
      <Filter>OpenGL</Filter>
    </ClInclude>
    <ClInclude Include="Shader.h">
      <Filter>OpenGL</Filter>
    </ClInclude>
    <ClInclude Include="stb_image.h">
      <Filter>OpenGL</Filter>
    </ClInclude>
    <ClInclude Include="Model.h">
      <Filter>OpenGL</Filter>
    </ClInclude>
  </ItemGroup>
  <ItemGroup>
    <None Include="shader\standard.fs.glsl">
      <Filter>Shader</Filter>
    </None>
    <None Include="shader\standard.vs.glsl">
      <Filter>Shader</Filter>
    </None>
    <None Include="shader\modelLoader.fs.glsl">
      <Filter>Shader</Filter>
    </None>
    <None Include="shader\modelLoader.vs.glsl">
      <Filter>Shader</Filter>
    </None>
  </ItemGroup>
</Project>